
Microsoft Visual Studio Solution File, Format Version 12.00
# Visual Studio Version 17
VisualStudioVersion = 17.12.35514.174
MinimumVisualStudioVersion = 10.0.40219.1
Project("{FAE04EC0-301F-11D3-BF4B-00C04F79EFBC}") = "Lab1_Positive_OR_Negative", "Lab_Day1\Lab1_Positive_OR_Negative.csproj", "{EBB37010-1A7B-45DC-AF4A-AD58BA61B33D}"
EndProject
Project("{FAE04EC0-301F-11D3-BF4B-00C04F79EFBC}") = "Lab1_OddOrEven", "Lab1_OddOrEven\Lab1_OddOrEven.csproj", "{4EDF85A0-C52B-45E5-A87F-BAD163E4EDD0}"
EndProject
Project("{FAE04EC0-301F-11D3-BF4B-00C04F79EFBC}") = "Lab1_Square", "Lab1_Square\Lab1_Square.csproj", "{C42D7E10-B95E-4A31-A6B0-E3E795796729}"
EndProject
Project("{FAE04EC0-301F-11D3-BF4B-00C04F79EFBC}") = "Lab2_EmployeeData", "Lab2_EmployeeData\Lab2_EmployeeData.csproj", "{EFDF6FDD-4678-4E3B-BBCB-7655A1B9B179}"
EndProject
Project("{FAE04EC0-301F-11D3-BF4B-00C04F79EFBC}") = "Lab2_Multiplication_Table", "Lab2_Multiplication_Table\Lab2_Multiplication_Table.csproj", "{E82A286E-DF81-422A-A5BC-4B8968792E56}"
EndProject
Project("{FAE04EC0-301F-11D3-BF4B-00C04F79EFBC}") = "Lab2_MaxDegree", "Lab2_MaxDegree\Lab2_MaxDegree.csproj", "{B9BBD526-D55D-4880-B1D8-57ECBB8A4FD9}"
EndProject
Project("{FAE04EC0-301F-11D3-BF4B-00C04F79EFBC}") = "Lab3_Employee", "Lab3_Employee\Lab3_Employee.csproj", "{15E63C37-4728-4029-A925-D57821961992}"
EndProject
Global
	GlobalSection(SolutionConfigurationPlatforms) = preSolution
		Debug|Any CPU = Debug|Any CPU
		Release|Any CPU = Release|Any CPU
	EndGlobalSection
	GlobalSection(ProjectConfigurationPlatforms) = postSolution
		{EBB37010-1A7B-45DC-AF4A-AD58BA61B33D}.Debug|Any CPU.ActiveCfg = Debug|Any CPU
		{EBB37010-1A7B-45DC-AF4A-AD58BA61B33D}.Debug|Any CPU.Build.0 = Debug|Any CPU
		{EBB37010-1A7B-45DC-AF4A-AD58BA61B33D}.Release|Any CPU.ActiveCfg = Release|Any CPU
		{EBB37010-1A7B-45DC-AF4A-AD58BA61B33D}.Release|Any CPU.Build.0 = Release|Any CPU
		{4EDF85A0-C52B-45E5-A87F-BAD163E4EDD0}.Debug|Any CPU.ActiveCfg = Debug|Any CPU
		{4EDF85A0-C52B-45E5-A87F-BAD163E4EDD0}.Debug|Any CPU.Build.0 = Debug|Any CPU
		{4EDF85A0-C52B-45E5-A87F-BAD163E4EDD0}.Release|Any CPU.ActiveCfg = Release|Any CPU
		{4EDF85A0-C52B-45E5-A87F-BAD163E4EDD0}.Release|Any CPU.Build.0 = Release|Any CPU
		{C42D7E10-B95E-4A31-A6B0-E3E795796729}.Debug|Any CPU.ActiveCfg = Debug|Any CPU
		{C42D7E10-B95E-4A31-A6B0-E3E795796729}.Debug|Any CPU.Build.0 = Debug|Any CPU
		{C42D7E10-B95E-4A31-A6B0-E3E795796729}.Release|Any CPU.ActiveCfg = Release|Any CPU
		{C42D7E10-B95E-4A31-A6B0-E3E795796729}.Release|Any CPU.Build.0 = Release|Any CPU
		{EFDF6FDD-4678-4E3B-BBCB-7655A1B9B179}.Debug|Any CPU.ActiveCfg = Debug|Any CPU
		{EFDF6FDD-4678-4E3B-BBCB-7655A1B9B179}.Debug|Any CPU.Build.0 = Debug|Any CPU
		{EFDF6FDD-4678-4E3B-BBCB-7655A1B9B179}.Release|Any CPU.ActiveCfg = Release|Any CPU
		{EFDF6FDD-4678-4E3B-BBCB-7655A1B9B179}.Release|Any CPU.Build.0 = Release|Any CPU
		{E82A286E-DF81-422A-A5BC-4B8968792E56}.Debug|Any CPU.ActiveCfg = Debug|Any CPU
		{E82A286E-DF81-422A-A5BC-4B8968792E56}.Debug|Any CPU.Build.0 = Debug|Any CPU
		{E82A286E-DF81-422A-A5BC-4B8968792E56}.Release|Any CPU.ActiveCfg = Release|Any CPU
		{E82A286E-DF81-422A-A5BC-4B8968792E56}.Release|Any CPU.Build.0 = Release|Any CPU
		{B9BBD526-D55D-4880-B1D8-57ECBB8A4FD9}.Debug|Any CPU.ActiveCfg = Debug|Any CPU
		{B9BBD526-D55D-4880-B1D8-57ECBB8A4FD9}.Debug|Any CPU.Build.0 = Debug|Any CPU
		{B9BBD526-D55D-4880-B1D8-57ECBB8A4FD9}.Release|Any CPU.ActiveCfg = Release|Any CPU
		{B9BBD526-D55D-4880-B1D8-57ECBB8A4FD9}.Release|Any CPU.Build.0 = Release|Any CPU
		{15E63C37-4728-4029-A925-D57821961992}.Debug|Any CPU.ActiveCfg = Debug|Any CPU
		{15E63C37-4728-4029-A925-D57821961992}.Debug|Any CPU.Build.0 = Debug|Any CPU
		{15E63C37-4728-4029-A925-D57821961992}.Release|Any CPU.ActiveCfg = Release|Any CPU
		{15E63C37-4728-4029-A925-D57821961992}.Release|Any CPU.Build.0 = Release|Any CPU
	EndGlobalSection
	GlobalSection(SolutionProperties) = preSolution
		HideSolutionNode = FALSE
	EndGlobalSection
EndGlobal
